
Microsoft Visual Studio Solution File, Format Version 12.00
# Visual Studio 15
VisualStudioVersion = 15.0.27703.2047
MinimumVisualStudioVersion = 10.0.40219.1
Project("{FAE04EC0-301F-11D3-BF4B-00C04F79EFBC}") = "Maze002", "Maze002\Maze002.csproj", "{FDDE87F6-3419-40D9-B7E9-227A70C77819}"
EndProject
Global
	GlobalSection(SolutionConfigurationPlatforms) = preSolution
		Debug|Any CPU = Debug|Any CPU
		Release|Any CPU = Release|Any CPU
	EndGlobalSection
	GlobalSection(ProjectConfigurationPlatforms) = postSolution
		{FDDE87F6-3419-40D9-B7E9-227A70C77819}.Debug|Any CPU.ActiveCfg = Debug|Any CPU
		{FDDE87F6-3419-40D9-B7E9-227A70C77819}.Debug|Any CPU.Build.0 = Debug|Any CPU
		{FDDE87F6-3419-40D9-B7E9-227A70C77819}.Release|Any CPU.ActiveCfg = Release|Any CPU
		{FDDE87F6-3419-40D9-B7E9-227A70C77819}.Release|Any CPU.Build.0 = Release|Any CPU
	EndGlobalSection
	GlobalSection(SolutionProperties) = preSolution
		HideSolutionNode = FALSE
	EndGlobalSection
	GlobalSection(ExtensibilityGlobals) = postSolution
		SolutionGuid = {E3DC11D2-3ACA-43E7-BADC-7D0A1157EA5A}
	EndGlobalSection
EndGlobal
